
Microsoft Visual Studio Solution File, Format Version 12.00
# Visual Studio 15
VisualStudioVersion = 15.0.27130.2027
MinimumVisualStudioVersion = 10.0.40219.1
Project("{FAE04EC0-301F-11D3-BF4B-00C04F79EFBC}") = "Events", "Events\Events.csproj", "{400B182D-FAE2-4F60-89FE-5D96D415EC90}"
EndProject
Global
	GlobalSection(SolutionConfigurationPlatforms) = preSolution
		Debug|Any CPU = Debug|Any CPU
		Release|Any CPU = Release|Any CPU
	EndGlobalSection
	GlobalSection(ProjectConfigurationPlatforms) = postSolution
		{400B182D-FAE2-4F60-89FE-5D96D415EC90}.Debug|Any CPU.ActiveCfg = Debug|Any CPU
		{400B182D-FAE2-4F60-89FE-5D96D415EC90}.Debug|Any CPU.Build.0 = Debug|Any CPU
		{400B182D-FAE2-4F60-89FE-5D96D415EC90}.Release|Any CPU.ActiveCfg = Release|Any CPU
		{400B182D-FAE2-4F60-89FE-5D96D415EC90}.Release|Any CPU.Build.0 = Release|Any CPU
	EndGlobalSection
	GlobalSection(SolutionProperties) = preSolution
		HideSolutionNode = FALSE
	EndGlobalSection
	GlobalSection(ExtensibilityGlobals) = postSolution
		SolutionGuid = {DB4748B1-7581-4503-98D3-3F195B8427BC}
	EndGlobalSection
EndGlobal
